
Microsoft Visual Studio Solution File, Format Version 12.00
# Visual Studio Version 17
VisualStudioVersion = 17.5.002.0
MinimumVisualStudioVersion = 10.0.40219.1
Project("{9A19103F-16F7-4668-BE54-9A1E7A4F7556}") = "game_tic_tac", "game_tic_tac.csproj", "{C74F081A-6635-4B43-8C52-1364AEEC9E31}"
EndProject
Global
	GlobalSection(SolutionConfigurationPlatforms) = preSolution
		Debug|Any CPU = Debug|Any CPU
		Release|Any CPU = Release|Any CPU
	EndGlobalSection
	GlobalSection(ProjectConfigurationPlatforms) = postSolution
		{C74F081A-6635-4B43-8C52-1364AEEC9E31}.Debug|Any CPU.ActiveCfg = Debug|Any CPU
		{C74F081A-6635-4B43-8C52-1364AEEC9E31}.Debug|Any CPU.Build.0 = Debug|Any CPU
		{C74F081A-6635-4B43-8C52-1364AEEC9E31}.Release|Any CPU.ActiveCfg = Release|Any CPU
		{C74F081A-6635-4B43-8C52-1364AEEC9E31}.Release|Any CPU.Build.0 = Release|Any CPU
	EndGlobalSection
	GlobalSection(SolutionProperties) = preSolution
		HideSolutionNode = FALSE
	EndGlobalSection
	GlobalSection(ExtensibilityGlobals) = postSolution
		SolutionGuid = {786BCFB8-9573-4AC7-815C-ADDE24A4CB9C}
	EndGlobalSection
EndGlobal
